// !$*UTF8*$!
{
	archiveVersion = 1;
	classes = {
	};
	objectVersion = 50;
	objects = {

/* Begin PBXBuildFile section */
		936DA93C262212FE00FC986B /* Score.swift in Sources */ = {isa = PBXBuildFile; fileRef = 936DA93B262212FE00FC986B /* Score.swift */; };
		93BD072726067BCA00AE83A4 /* Note.swift in Sources */ = {isa = PBXBuildFile; fileRef = 93BD072626067BCA00AE83A4 /* Note.swift */; };
		93BD072C26067CAC00AE83A4 /* Pitch.swift in Sources */ = {isa = PBXBuildFile; fileRef = 93BD072B26067CAC00AE83A4 /* Pitch.swift */; };
		93BD073126067D0600AE83A4 /* Accidental.swift in Sources */ = {isa = PBXBuildFile; fileRef = 93BD073026067D0600AE83A4 /* Accidental.swift */; };
		93BD073426067D2F00AE83A4 /* Duration.swift in Sources */ = {isa = PBXBuildFile; fileRef = 93BD073326067D2F00AE83A4 /* Duration.swift */; };
		93BD073726067E3300AE83A4 /* Stave.swift in Sources */ = {isa = PBXBuildFile; fileRef = 93BD073626067E3300AE83A4 /* Stave.swift */; };
		93BD073A2606857D00AE83A4 /* Clef.swift in Sources */ = {isa = PBXBuildFile; fileRef = 93BD07392606857D00AE83A4 /* Clef.swift */; };
		93F9246525E18B9D003D738C /* MusicalPhraseGeneratorApp.swift in Sources */ = {isa = PBXBuildFile; fileRef = 93F9246425E18B9D003D738C /* MusicalPhraseGeneratorApp.swift */; };
		93F9246725E18B9D003D738C /* ScoreView.swift in Sources */ = {isa = PBXBuildFile; fileRef = 93F9246625E18B9D003D738C /* ScoreView.swift */; };
		93F9246925E18BA1003D738C /* Assets.xcassets in Resources */ = {isa = PBXBuildFile; fileRef = 93F9246825E18BA1003D738C /* Assets.xcassets */; };
		93F9246C25E18BA1003D738C /* Preview Assets.xcassets in Resources */ = {isa = PBXBuildFile; fileRef = 93F9246B25E18BA1003D738C /* Preview Assets.xcassets */; };
/* End PBXBuildFile section */

/* Begin PBXFileReference section */
		936DA93B262212FE00FC986B /* Score.swift */ = {isa = PBXFileReference; lastKnownFileType = sourcecode.swift; path = Score.swift; sourceTree = "<group>"; };
		93BD072626067BCA00AE83A4 /* Note.swift */ = {isa = PBXFileReference; lastKnownFileType = sourcecode.swift; path = Note.swift; sourceTree = "<group>"; };
		93BD072B26067CAC00AE83A4 /* Pitch.swift */ = {isa = PBXFileReference; lastKnownFileType = sourcecode.swift; path = Pitch.swift; sourceTree = "<group>"; };
		93BD073026067D0600AE83A4 /* Accidental.swift */ = {isa = PBXFileReference; lastKnownFileType = sourcecode.swift; path = Accidental.swift; sourceTree = "<group>"; };
		93BD073326067D2F00AE83A4 /* Duration.swift */ = {isa = PBXFileReference; lastKnownFileType = sourcecode.swift; path = Duration.swift; sourceTree = "<group>"; };
		93BD073626067E3300AE83A4 /* Stave.swift */ = {isa = PBXFileReference; lastKnownFileType = sourcecode.swift; path = Stave.swift; sourceTree = "<group>"; };
		93BD07392606857D00AE83A4 /* Clef.swift */ = {isa = PBXFileReference; lastKnownFileType = sourcecode.swift; path = Clef.swift; sourceTree = "<group>"; };
		93F9246125E18B9D003D738C /* MusicalPhraseGenerator.app */ = {isa = PBXFileReference; explicitFileType = wrapper.application; includeInIndex = 0; path = MusicalPhraseGenerator.app; sourceTree = BUILT_PRODUCTS_DIR; };
		93F9246425E18B9D003D738C /* MusicalPhraseGeneratorApp.swift */ = {isa = PBXFileReference; lastKnownFileType = sourcecode.swift; path = MusicalPhraseGeneratorApp.swift; sourceTree = "<group>"; };
		93F9246625E18B9D003D738C /* ScoreView.swift */ = {isa = PBXFileReference; lastKnownFileType = sourcecode.swift; path = ScoreView.swift; sourceTree = "<group>"; };
		93F9246825E18BA1003D738C /* Assets.xcassets */ = {isa = PBXFileReference; lastKnownFileType = folder.assetcatalog; path = Assets.xcassets; sourceTree = "<group>"; };
		93F9246B25E18BA1003D738C /* Preview Assets.xcassets */ = {isa = PBXFileReference; lastKnownFileType = folder.assetcatalog; path = "Preview Assets.xcassets"; sourceTree = "<group>"; };
		93F9246D25E18BA1003D738C /* Info.plist */ = {isa = PBXFileReference; lastKnownFileType = text.plist.xml; path = Info.plist; sourceTree = "<group>"; };
/* End PBXFileReference section */

/* Begin PBXFrameworksBuildPhase section */
		93F9245E25E18B9D003D738C /* Frameworks */ = {
			isa = PBXFrameworksBuildPhase;
			buildActionMask = 2147483647;
			files = (
			);
			runOnlyForDeploymentPostprocessing = 0;
		};
/* End PBXFrameworksBuildPhase section */

/* Begin PBXGroup section */
		93BD072926067BD300AE83A4 /* Model */ = {
			isa = PBXGroup;
			children = (
				936DA93B262212FE00FC986B /* Score.swift */,
				93BD073626067E3300AE83A4 /* Stave.swift */,
				93BD07392606857D00AE83A4 /* Clef.swift */,
				93BD072F26067CC000AE83A4 /* Note */,
				93F9246425E18B9D003D738C /* MusicalPhraseGeneratorApp.swift */,
			);
			path = Model;
			sourceTree = "<group>";
		};
		93BD072A26067BE000AE83A4 /* View */ = {
			isa = PBXGroup;
			children = (
				93F9246625E18B9D003D738C /* ScoreView.swift */,
			);
			path = View;
			sourceTree = "<group>";
		};
		93BD072F26067CC000AE83A4 /* Note */ = {
			isa = PBXGroup;
			children = (
				93BD072626067BCA00AE83A4 /* Note.swift */,
				93BD072B26067CAC00AE83A4 /* Pitch.swift */,
				93BD073026067D0600AE83A4 /* Accidental.swift */,
				93BD073326067D2F00AE83A4 /* Duration.swift */,
			);
			path = Note;
			sourceTree = "<group>";
		};
		93F9245825E18B9D003D738C = {
			isa = PBXGroup;
			children = (
				93F9246325E18B9D003D738C /* MusicalPhraseGenerator */,
				93F9246225E18B9D003D738C /* Products */,
			);
			sourceTree = "<group>";
		};
		93F9246225E18B9D003D738C /* Products */ = {
			isa = PBXGroup;
			children = (
				93F9246125E18B9D003D738C /* MusicalPhraseGenerator.app */,
			);
			name = Products;
			sourceTree = "<group>";
		};
		93F9246325E18B9D003D738C /* MusicalPhraseGenerator */ = {
			isa = PBXGroup;
			children = (
				93BD072A26067BE000AE83A4 /* View */,
				93BD072926067BD300AE83A4 /* Model */,
				93F9246825E18BA1003D738C /* Assets.xcassets */,
				93F9246D25E18BA1003D738C /* Info.plist */,
				93F9246A25E18BA1003D738C /* Preview Content */,
			);
			path = MusicalPhraseGenerator;
			sourceTree = "<group>";
		};
		93F9246A25E18BA1003D738C /* Preview Content */ = {
			isa = PBXGroup;
			children = (
				93F9246B25E18BA1003D738C /* Preview Assets.xcassets */,
			);
			path = "Preview Content";
			sourceTree = "<group>";
		};
/* End PBXGroup section */

/* Begin PBXNativeTarget section */
		93F9246025E18B9D003D738C /* MusicalPhraseGenerator */ = {
			isa = PBXNativeTarget;
			buildConfigurationList = 93F9247025E18BA1003D738C /* Build configuration list for PBXNativeTarget "MusicalPhraseGenerator" */;
			buildPhases = (
				93F9245D25E18B9D003D738C /* Sources */,
				93F9245E25E18B9D003D738C /* Frameworks */,
				93F9245F25E18B9D003D738C /* Resources */,
			);
			buildRules = (
			);
			dependencies = (
			);
			name = MusicalPhraseGenerator;
			productName = MusicalPhraseGenerator;
			productReference = 93F9246125E18B9D003D738C /* MusicalPhraseGenerator.app */;
			productType = "com.apple.product-type.application";
		};
/* End PBXNativeTarget section */

/* Begin PBXProject section */
		93F9245925E18B9D003D738C /* Project object */ = {
			isa = PBXProject;
			attributes = {
				LastSwiftUpdateCheck = 1240;
				LastUpgradeCheck = 1240;
				TargetAttributes = {
					93F9246025E18B9D003D738C = {
						CreatedOnToolsVersion = 12.4;
					};
				};
			};
			buildConfigurationList = 93F9245C25E18B9D003D738C /* Build configuration list for PBXProject "MusicalPhraseGenerator" */;
			compatibilityVersion = "Xcode 9.3";
			developmentRegion = en;
			hasScannedForEncodings = 0;
			knownRegions = (
				en,
				Base,
			);
			mainGroup = 93F9245825E18B9D003D738C;
			productRefGroup = 93F9246225E18B9D003D738C /* Products */;
			projectDirPath = "";
			projectRoot = "";
			targets = (
				93F9246025E18B9D003D738C /* MusicalPhraseGenerator */,
			);
		};
/* End PBXProject section */

/* Begin PBXResourcesBuildPhase section */
		93F9245F25E18B9D003D738C /* Resources */ = {
			isa = PBXResourcesBuildPhase;
			buildActionMask = 2147483647;
			files = (
				93F9246C25E18BA1003D738C /* Preview Assets.xcassets in Resources */,
				93F9246925E18BA1003D738C /* Assets.xcassets in Resources */,
			);
			runOnlyForDeploymentPostprocessing = 0;
		};
/* End PBXResourcesBuildPhase section */

/* Begin PBXSourcesBuildPhase section */
		93F9245D25E18B9D003D738C /* Sources */ = {
			isa = PBXSourcesBuildPhase;
			buildActionMask = 2147483647;
			files = (
				93F9246725E18B9D003D738C /* ScoreView.swift in Sources */,
				93F9246525E18B9D003D738C /* MusicalPhraseGeneratorApp.swift in Sources */,
				93BD073726067E3300AE83A4 /* Stave.swift in Sources */,
				93BD073126067D0600AE83A4 /* Accidental.swift in Sources */,
				93BD073426067D2F00AE83A4 /* Duration.swift in Sources */,
				93BD072C26067CAC00AE83A4 /* Pitch.swift in Sources */,
				93BD073A2606857D00AE83A4 /* Clef.swift in Sources */,
				936DA93C262212FE00FC986B /* Score.swift in Sources */,
				93BD072726067BCA00AE83A4 /* Note.swift in Sources */,
			);
			runOnlyForDeploymentPostprocessing = 0;
		};
/* End PBXSourcesBuildPhase section */

/* Begin XCBuildConfiguration section */
		93F9246E25E18BA1003D738C /* Debug */ = {
			isa = XCBuildConfiguration;
			buildSettings = {
				ALWAYS_SEARCH_USER_PATHS = NO;
				CLANG_ANALYZER_NONNULL = YES;
				CLANG_ANALYZER_NUMBER_OBJECT_CONVERSION = YES_AGGRESSIVE;
				CLANG_CXX_LANGUAGE_STANDARD = "gnu++14";
				CLANG_CXX_LIBRARY = "libc++";
				CLANG_ENABLE_MODULES = YES;
				CLANG_ENABLE_OBJC_ARC = YES;
				CLANG_ENABLE_OBJC_WEAK = YES;
				CLANG_WARN_BLOCK_CAPTURE_AUTORELEASING = YES;
				CLANG_WARN_BOOL_CONVERSION = YES;
				CLANG_WARN_COMMA = YES;
				CLANG_WARN_CONSTANT_CONVERSION = YES;
				CLANG_WARN_DEPRECATED_OBJC_IMPLEMENTATIONS = YES;
				CLANG_WARN_DIRECT_OBJC_ISA_USAGE = YES_ERROR;
				CLANG_WARN_DOCUMENTATION_COMMENTS = YES;
				CLANG_WARN_EMPTY_BODY = YES;
				CLANG_WARN_ENUM_CONVERSION = YES;
				CLANG_WARN_INFINITE_RECURSION = YES;
				CLANG_WARN_INT_CONVERSION = YES;
				CLANG_WARN_NON_LITERAL_NULL_CONVERSION = YES;
				CLANG_WARN_OBJC_IMPLICIT_RETAIN_SELF = YES;
				CLANG_WARN_OBJC_LITERAL_CONVERSION = YES;
				CLANG_WARN_OBJC_ROOT_CLASS = YES_ERROR;
				CLANG_WARN_QUOTED_INCLUDE_IN_FRAMEWORK_HEADER = YES;
				CLANG_WARN_RANGE_LOOP_ANALYSIS = YES;
				CLANG_WARN_STRICT_PROTOTYPES = YES;
				CLANG_WARN_SUSPICIOUS_MOVE = YES;
				CLANG_WARN_UNGUARDED_AVAILABILITY = YES_AGGRESSIVE;
				CLANG_WARN_UNREACHABLE_CODE = YES;
				CLANG_WARN__DUPLICATE_METHOD_MATCH = YES;
				COPY_PHASE_STRIP = NO;
				DEBUG_INFORMATION_FORMAT = dwarf;
				ENABLE_STRICT_OBJC_MSGSEND = YES;
				ENABLE_TESTABILITY = YES;
				GCC_C_LANGUAGE_STANDARD = gnu11;
				GCC_DYNAMIC_NO_PIC = NO;
				GCC_NO_COMMON_BLOCKS = YES;
				GCC_OPTIMIZATION_LEVEL = 0;
				GCC_PREPROCESSOR_DEFINITIONS = (
					"DEBUG=1",
					"$(inherited)",
				);
				GCC_WARN_64_TO_32_BIT_CONVERSION = YES;
				GCC_WARN_ABOUT_RETURN_TYPE = YES_ERROR;
				GCC_WARN_UNDECLARED_SELECTOR = YES;
				GCC_WARN_UNINITIALIZED_AUTOS = YES_AGGRESSIVE;
				GCC_WARN_UNUSED_FUNCTION = YES;
				GCC_WARN_UNUSED_VARIABLE = YES;
				IPHONEOS_DEPLOYMENT_TARGET = 14.4;
				MTL_ENABLE_DEBUG_INFO = INCLUDE_SOURCE;
				MTL_FAST_MATH = YES;
				ONLY_ACTIVE_ARCH = YES;
				SDKROOT = iphoneos;
				SWIFT_ACTIVE_COMPILATION_CONDITIONS = DEBUG;
				SWIFT_OPTIMIZATION_LEVEL = "-Onone";
			};
			name = Debug;
		};
		93F9246F25E18BA1003D738C /* Release */ = {
			isa = XCBuildConfiguration;
			buildSettings = {
				ALWAYS_SEARCH_USER_PATHS = NO;
				CLANG_ANALYZER_NONNULL = YES;
				CLANG_ANALYZER_NUMBER_OBJECT_CONVERSION = YES_AGGRESSIVE;
				CLANG_CXX_LANGUAGE_STANDARD = "gnu++14";
				CLANG_CXX_LIBRARY = "libc++";
				CLANG_ENABLE_MODULES = YES;
				CLANG_ENABLE_OBJC_ARC = YES;
				CLANG_ENABLE_OBJC_WEAK = YES;
				CLANG_WARN_BLOCK_CAPTURE_AUTORELEASING = YES;
				CLANG_WARN_BOOL_CONVERSION = YES;
				CLANG_WARN_COMMA = YES;
				CLANG_WARN_CONSTANT_CONVERSION = YES;
				CLANG_WARN_DEPRECATED_OBJC_IMPLEMENTATIONS = YES;
				CLANG_WARN_DIRECT_OBJC_ISA_USAGE = YES_ERROR;
				CLANG_WARN_DOCUMENTATION_COMMENTS = YES;
				CLANG_WARN_EMPTY_BODY = YES;
				CLANG_WARN_ENUM_CONVERSION = YES;
				CLANG_WARN_INFINITE_RECURSION = YES;
				CLANG_WARN_INT_CONVERSION = YES;
				CLANG_WARN_NON_LITERAL_NULL_CONVERSION = YES;
				CLANG_WARN_OBJC_IMPLICIT_RETAIN_SELF = YES;
				CLANG_WARN_OBJC_LITERAL_CONVERSION = YES;
				CLANG_WARN_OBJC_ROOT_CLASS = YES_ERROR;
				CLANG_WARN_QUOTED_INCLUDE_IN_FRAMEWORK_HEADER = YES;
				CLANG_WARN_RANGE_LOOP_ANALYSIS = YES;
				CLANG_WARN_STRICT_PROTOTYPES = YES;
				CLANG_WARN_SUSPICIOUS_MOVE = YES;
				CLANG_WARN_UNGUARDED_AVAILABILITY = YES_AGGRESSIVE;
				CLANG_WARN_UNREACHABLE_CODE = YES;
				CLANG_WARN__DUPLICATE_METHOD_MATCH = YES;
				COPY_PHASE_STRIP = NO;
				DEBUG_INFORMATION_FORMAT = "dwarf-with-dsym";
				ENABLE_NS_ASSERTIONS = NO;
				ENABLE_STRICT_OBJC_MSGSEND = YES;
				GCC_C_LANGUAGE_STANDARD = gnu11;
				GCC_NO_COMMON_BLOCKS = YES;
				GCC_WARN_64_TO_32_BIT_CONVERSION = YES;
				GCC_WARN_ABOUT_RETURN_TYPE = YES_ERROR;
				GCC_WARN_UNDECLARED_SELECTOR = YES;
				GCC_WARN_UNINITIALIZED_AUTOS = YES_AGGRESSIVE;
				GCC_WARN_UNUSED_FUNCTION = YES;
				GCC_WARN_UNUSED_VARIABLE = YES;
				IPHONEOS_DEPLOYMENT_TARGET = 14.4;
				MTL_ENABLE_DEBUG_INFO = NO;
				MTL_FAST_MATH = YES;
				SDKROOT = iphoneos;
				SWIFT_COMPILATION_MODE = wholemodule;
				SWIFT_OPTIMIZATION_LEVEL = "-O";
				VALIDATE_PRODUCT = YES;
			};
			name = Release;
		};
		93F9247125E18BA1003D738C /* Debug */ = {
			isa = XCBuildConfiguration;
			buildSettings = {
				ASSETCATALOG_COMPILER_APPICON_NAME = AppIcon;
				ASSETCATALOG_COMPILER_GLOBAL_ACCENT_COLOR_NAME = AccentColor;
				CODE_SIGN_STYLE = Automatic;
				DEVELOPMENT_ASSET_PATHS = "\"MusicalPhraseGenerator/Preview Content\"";
				DEVELOPMENT_TEAM = KQFV358W5W;
				ENABLE_PREVIEWS = YES;
				INFOPLIST_FILE = MusicalPhraseGenerator/Info.plist;
				IPHONEOS_DEPLOYMENT_TARGET = 14.0;
				LD_RUNPATH_SEARCH_PATHS = (
					"$(inherited)",
					"@executable_path/Frameworks",
				);
				PRODUCT_BUNDLE_IDENTIFIER = oli.harvey.MusicalPhraseGenerator;
				PRODUCT_NAME = "$(TARGET_NAME)";
				SWIFT_VERSION = 5.0;
				TARGETED_DEVICE_FAMILY = "1,2";
			};
			name = Debug;
		};
		93F9247225E18BA1003D738C /* Release */ = {
			isa = XCBuildConfiguration;
			buildSettings = {
				ASSETCATALOG_COMPILER_APPICON_NAME = AppIcon;
				ASSETCATALOG_COMPILER_GLOBAL_ACCENT_COLOR_NAME = AccentColor;
				CODE_SIGN_STYLE = Automatic;
				DEVELOPMENT_ASSET_PATHS = "\"MusicalPhraseGenerator/Preview Content\"";
				DEVELOPMENT_TEAM = KQFV358W5W;
				ENABLE_PREVIEWS = YES;
				INFOPLIST_FILE = MusicalPhraseGenerator/Info.plist;
				IPHONEOS_DEPLOYMENT_TARGET = 14.0;
				LD_RUNPATH_SEARCH_PATHS = (
					"$(inherited)",
					"@executable_path/Frameworks",
				);
				PRODUCT_BUNDLE_IDENTIFIER = oli.harvey.MusicalPhraseGenerator;
				PRODUCT_NAME = "$(TARGET_NAME)";
				SWIFT_VERSION = 5.0;
				TARGETED_DEVICE_FAMILY = "1,2";
			};
			name = Release;
		};
/* End XCBuildConfiguration section */

/* Begin XCConfigurationList section */
		93F9245C25E18B9D003D738C /* Build configuration list for PBXProject "MusicalPhraseGenerator" */ = {
			isa = XCConfigurationList;
			buildConfigurations = (
				93F9246E25E18BA1003D738C /* Debug */,
				93F9246F25E18BA1003D738C /* Release */,
			);
			defaultConfigurationIsVisible = 0;
			defaultConfigurationName = Release;
		};
		93F9247025E18BA1003D738C /* Build configuration list for PBXNativeTarget "MusicalPhraseGenerator" */ = {
			isa = XCConfigurationList;
			buildConfigurations = (
				93F9247125E18BA1003D738C /* Debug */,
				93F9247225E18BA1003D738C /* Release */,
			);
			defaultConfigurationIsVisible = 0;
			defaultConfigurationName = Release;
		};
/* End XCConfigurationList section */
	};
	rootObject = 93F9245925E18B9D003D738C /* Project object */;
}
